// !$*UTF8*$!
{
	archiveVersion = 1;
	classes = {
	};
	objectVersion = 50;
	objects = {

/* Begin PBXBuildFile section */
		33DA86A549580FBFD094A31A /* Pods_empathy_iosUITests.framework in Frameworks */ = {isa = PBXBuildFile; fileRef = 08D4E3B912BC44511566E01C /* Pods_empathy_iosUITests.framework */; };
		55A3317421900944005DFA01 /* CapturedImageViewController.swift in Sources */ = {isa = PBXBuildFile; fileRef = 55A3317321900944005DFA01 /* CapturedImageViewController.swift */; };
		55A331772191A84D005DFA01 /* FilterCollectionView.swift in Sources */ = {isa = PBXBuildFile; fileRef = 55A331762191A84D005DFA01 /* FilterCollectionView.swift */; };
		55A331792192A0A0005DFA01 /* FilterController.swift in Sources */ = {isa = PBXBuildFile; fileRef = 55A331782192A0A0005DFA01 /* FilterController.swift */; };
		55BC061B21809A7300FE43CA /* AppDelegate.swift in Sources */ = {isa = PBXBuildFile; fileRef = 55BC061A21809A7300FE43CA /* AppDelegate.swift */; };
		55BC061D21809A7300FE43CA /* ViewController.swift in Sources */ = {isa = PBXBuildFile; fileRef = 55BC061C21809A7300FE43CA /* ViewController.swift */; };
		55BC062021809A7300FE43CA /* Main.storyboard in Resources */ = {isa = PBXBuildFile; fileRef = 55BC061E21809A7300FE43CA /* Main.storyboard */; };
		55BC062221809A7400FE43CA /* Assets.xcassets in Resources */ = {isa = PBXBuildFile; fileRef = 55BC062121809A7400FE43CA /* Assets.xcassets */; };
		55BC062521809A7400FE43CA /* LaunchScreen.storyboard in Resources */ = {isa = PBXBuildFile; fileRef = 55BC062321809A7400FE43CA /* LaunchScreen.storyboard */; };
		55BC063021809A7400FE43CA /* empathy_iosTests.swift in Sources */ = {isa = PBXBuildFile; fileRef = 55BC062F21809A7400FE43CA /* empathy_iosTests.swift */; };
		55BC063B21809A7400FE43CA /* empathy_iosUITests.swift in Sources */ = {isa = PBXBuildFile; fileRef = 55BC063A21809A7400FE43CA /* empathy_iosUITests.swift */; };
		7BFA4A1761F4D603677913B1 /* Pods_empathy_ios.framework in Frameworks */ = {isa = PBXBuildFile; fileRef = 1CE5B306E7759201DA997162 /* Pods_empathy_ios.framework */; };
		870933C9F5F93E1CB4A299BC /* Pods_empathy_iosTests.framework in Frameworks */ = {isa = PBXBuildFile; fileRef = 4A99C37BD44035FBF70FDAAA /* Pods_empathy_iosTests.framework */; };
/* End PBXBuildFile section */

/* Begin PBXContainerItemProxy section */
		55BC062C21809A7400FE43CA /* PBXContainerItemProxy */ = {
			isa = PBXContainerItemProxy;
			containerPortal = 55BC060F21809A7300FE43CA /* Project object */;
			proxyType = 1;
			remoteGlobalIDString = 55BC061621809A7300FE43CA;
			remoteInfo = "empathy-ios";
		};
		55BC063721809A7400FE43CA /* PBXContainerItemProxy */ = {
			isa = PBXContainerItemProxy;
			containerPortal = 55BC060F21809A7300FE43CA /* Project object */;
			proxyType = 1;
			remoteGlobalIDString = 55BC061621809A7300FE43CA;
			remoteInfo = "empathy-ios";
		};
/* End PBXContainerItemProxy section */

/* Begin PBXFileReference section */
		08D4E3B912BC44511566E01C /* Pods_empathy_iosUITests.framework */ = {isa = PBXFileReference; explicitFileType = wrapper.framework; includeInIndex = 0; path = Pods_empathy_iosUITests.framework; sourceTree = BUILT_PRODUCTS_DIR; };
		18D9DBF9EF2F98F5A9E4280D /* Pods-empathy-ios.release.xcconfig */ = {isa = PBXFileReference; includeInIndex = 1; lastKnownFileType = text.xcconfig; name = "Pods-empathy-ios.release.xcconfig"; path = "Pods/Target Support Files/Pods-empathy-ios/Pods-empathy-ios.release.xcconfig"; sourceTree = "<group>"; };
		1CE5B306E7759201DA997162 /* Pods_empathy_ios.framework */ = {isa = PBXFileReference; explicitFileType = wrapper.framework; includeInIndex = 0; path = Pods_empathy_ios.framework; sourceTree = BUILT_PRODUCTS_DIR; };
		2FA77C5EE3BA98FD233DA8B5 /* Pods-empathy-iosTests.debug.xcconfig */ = {isa = PBXFileReference; includeInIndex = 1; lastKnownFileType = text.xcconfig; name = "Pods-empathy-iosTests.debug.xcconfig"; path = "Pods/Target Support Files/Pods-empathy-iosTests/Pods-empathy-iosTests.debug.xcconfig"; sourceTree = "<group>"; };
		4A99C37BD44035FBF70FDAAA /* Pods_empathy_iosTests.framework */ = {isa = PBXFileReference; explicitFileType = wrapper.framework; includeInIndex = 0; path = Pods_empathy_iosTests.framework; sourceTree = BUILT_PRODUCTS_DIR; };
		55A3317321900944005DFA01 /* CapturedImageViewController.swift */ = {isa = PBXFileReference; lastKnownFileType = sourcecode.swift; path = CapturedImageViewController.swift; sourceTree = "<group>"; };
		55A331762191A84D005DFA01 /* FilterCollectionView.swift */ = {isa = PBXFileReference; lastKnownFileType = sourcecode.swift; path = FilterCollectionView.swift; sourceTree = "<group>"; };
		55A331782192A0A0005DFA01 /* FilterController.swift */ = {isa = PBXFileReference; lastKnownFileType = sourcecode.swift; path = FilterController.swift; sourceTree = "<group>"; };
		55BC061721809A7300FE43CA /* empathy-ios.app */ = {isa = PBXFileReference; explicitFileType = wrapper.application; includeInIndex = 0; path = "empathy-ios.app"; sourceTree = BUILT_PRODUCTS_DIR; };
		55BC061A21809A7300FE43CA /* AppDelegate.swift */ = {isa = PBXFileReference; lastKnownFileType = sourcecode.swift; path = AppDelegate.swift; sourceTree = "<group>"; };
		55BC061C21809A7300FE43CA /* ViewController.swift */ = {isa = PBXFileReference; lastKnownFileType = sourcecode.swift; path = ViewController.swift; sourceTree = "<group>"; };
		55BC061F21809A7300FE43CA /* Base */ = {isa = PBXFileReference; lastKnownFileType = file.storyboard; name = Base; path = Base.lproj/Main.storyboard; sourceTree = "<group>"; };
		55BC062121809A7400FE43CA /* Assets.xcassets */ = {isa = PBXFileReference; lastKnownFileType = folder.assetcatalog; path = Assets.xcassets; sourceTree = "<group>"; };
		55BC062421809A7400FE43CA /* Base */ = {isa = PBXFileReference; lastKnownFileType = file.storyboard; name = Base; path = Base.lproj/LaunchScreen.storyboard; sourceTree = "<group>"; };
		55BC062621809A7400FE43CA /* Info.plist */ = {isa = PBXFileReference; lastKnownFileType = text.plist.xml; path = Info.plist; sourceTree = "<group>"; };
		55BC062B21809A7400FE43CA /* empathy-iosTests.xctest */ = {isa = PBXFileReference; explicitFileType = wrapper.cfbundle; includeInIndex = 0; path = "empathy-iosTests.xctest"; sourceTree = BUILT_PRODUCTS_DIR; };
		55BC062F21809A7400FE43CA /* empathy_iosTests.swift */ = {isa = PBXFileReference; lastKnownFileType = sourcecode.swift; path = empathy_iosTests.swift; sourceTree = "<group>"; };
		55BC063121809A7400FE43CA /* Info.plist */ = {isa = PBXFileReference; lastKnownFileType = text.plist.xml; path = Info.plist; sourceTree = "<group>"; };
		55BC063621809A7400FE43CA /* empathy-iosUITests.xctest */ = {isa = PBXFileReference; explicitFileType = wrapper.cfbundle; includeInIndex = 0; path = "empathy-iosUITests.xctest"; sourceTree = BUILT_PRODUCTS_DIR; };
		55BC063A21809A7400FE43CA /* empathy_iosUITests.swift */ = {isa = PBXFileReference; lastKnownFileType = sourcecode.swift; path = empathy_iosUITests.swift; sourceTree = "<group>"; };
		55BC063C21809A7400FE43CA /* Info.plist */ = {isa = PBXFileReference; lastKnownFileType = text.plist.xml; path = Info.plist; sourceTree = "<group>"; };
		A4B7E75F6DB94BEDBFF9D610 /* Pods-empathy-ios.debug.xcconfig */ = {isa = PBXFileReference; includeInIndex = 1; lastKnownFileType = text.xcconfig; name = "Pods-empathy-ios.debug.xcconfig"; path = "Pods/Target Support Files/Pods-empathy-ios/Pods-empathy-ios.debug.xcconfig"; sourceTree = "<group>"; };
		BDCAE4EBA85808B6A6F58B4A /* Pods-empathy-iosUITests.debug.xcconfig */ = {isa = PBXFileReference; includeInIndex = 1; lastKnownFileType = text.xcconfig; name = "Pods-empathy-iosUITests.debug.xcconfig"; path = "Pods/Target Support Files/Pods-empathy-iosUITests/Pods-empathy-iosUITests.debug.xcconfig"; sourceTree = "<group>"; };
		C8066D378E5BA86AFFB2257E /* Pods-empathy-iosTests.release.xcconfig */ = {isa = PBXFileReference; includeInIndex = 1; lastKnownFileType = text.xcconfig; name = "Pods-empathy-iosTests.release.xcconfig"; path = "Pods/Target Support Files/Pods-empathy-iosTests/Pods-empathy-iosTests.release.xcconfig"; sourceTree = "<group>"; };
		F1B9ABD4F70B5C2271C58475 /* Pods-empathy-iosUITests.release.xcconfig */ = {isa = PBXFileReference; includeInIndex = 1; lastKnownFileType = text.xcconfig; name = "Pods-empathy-iosUITests.release.xcconfig"; path = "Pods/Target Support Files/Pods-empathy-iosUITests/Pods-empathy-iosUITests.release.xcconfig"; sourceTree = "<group>"; };
/* End PBXFileReference section */

/* Begin PBXFrameworksBuildPhase section */
		55BC061421809A7300FE43CA /* Frameworks */ = {
			isa = PBXFrameworksBuildPhase;
			buildActionMask = 2147483647;
			files = (
				7BFA4A1761F4D603677913B1 /* Pods_empathy_ios.framework in Frameworks */,
			);
			runOnlyForDeploymentPostprocessing = 0;
		};
		55BC062821809A7400FE43CA /* Frameworks */ = {
			isa = PBXFrameworksBuildPhase;
			buildActionMask = 2147483647;
			files = (
				870933C9F5F93E1CB4A299BC /* Pods_empathy_iosTests.framework in Frameworks */,
			);
			runOnlyForDeploymentPostprocessing = 0;
		};
		55BC063321809A7400FE43CA /* Frameworks */ = {
			isa = PBXFrameworksBuildPhase;
			buildActionMask = 2147483647;
			files = (
				33DA86A549580FBFD094A31A /* Pods_empathy_iosUITests.framework in Frameworks */,
			);
			runOnlyForDeploymentPostprocessing = 0;
		};
/* End PBXFrameworksBuildPhase section */

/* Begin PBXGroup section */
		196B3F79062A9819E599D386 /* Frameworks */ = {
			isa = PBXGroup;
			children = (
				1CE5B306E7759201DA997162 /* Pods_empathy_ios.framework */,
				4A99C37BD44035FBF70FDAAA /* Pods_empathy_iosTests.framework */,
				08D4E3B912BC44511566E01C /* Pods_empathy_iosUITests.framework */,
			);
			name = Frameworks;
			sourceTree = "<group>";
		};
		55A331752191A7E1005DFA01 /* FilterView */ = {
			isa = PBXGroup;
			children = (
				55A331762191A84D005DFA01 /* FilterCollectionView.swift */,
				55A331782192A0A0005DFA01 /* FilterController.swift */,
			);
			path = FilterView;
			sourceTree = "<group>";
		};
		55BC060E21809A7300FE43CA = {
			isa = PBXGroup;
			children = (
				55BC061921809A7300FE43CA /* empathy-ios */,
				55BC062E21809A7400FE43CA /* empathy-iosTests */,
				55BC063921809A7400FE43CA /* empathy-iosUITests */,
				55BC061821809A7300FE43CA /* Products */,
				588151332AA3D2928A1C5DB5 /* Pods */,
				196B3F79062A9819E599D386 /* Frameworks */,
			);
			sourceTree = "<group>";
		};
		55BC061821809A7300FE43CA /* Products */ = {
			isa = PBXGroup;
			children = (
				55BC061721809A7300FE43CA /* empathy-ios.app */,
				55BC062B21809A7400FE43CA /* empathy-iosTests.xctest */,
				55BC063621809A7400FE43CA /* empathy-iosUITests.xctest */,
			);
			name = Products;
			sourceTree = "<group>";
		};
		55BC061921809A7300FE43CA /* empathy-ios */ = {
			isa = PBXGroup;
			children = (
				55BC061A21809A7300FE43CA /* AppDelegate.swift */,
				55BC061C21809A7300FE43CA /* ViewController.swift */,
				55A331752191A7E1005DFA01 /* FilterView */,
				55A3317321900944005DFA01 /* CapturedImageViewController.swift */,
				55BC061E21809A7300FE43CA /* Main.storyboard */,
				55BC062121809A7400FE43CA /* Assets.xcassets */,
				55BC062321809A7400FE43CA /* LaunchScreen.storyboard */,
				55BC062621809A7400FE43CA /* Info.plist */,
			);
			path = "empathy-ios";
			sourceTree = "<group>";
		};
		55BC062E21809A7400FE43CA /* empathy-iosTests */ = {
			isa = PBXGroup;
			children = (
				55BC062F21809A7400FE43CA /* empathy_iosTests.swift */,
				55BC063121809A7400FE43CA /* Info.plist */,
			);
			path = "empathy-iosTests";
			sourceTree = "<group>";
		};
		55BC063921809A7400FE43CA /* empathy-iosUITests */ = {
			isa = PBXGroup;
			children = (
				55BC063A21809A7400FE43CA /* empathy_iosUITests.swift */,
				55BC063C21809A7400FE43CA /* Info.plist */,
			);
			path = "empathy-iosUITests";
			sourceTree = "<group>";
		};
		588151332AA3D2928A1C5DB5 /* Pods */ = {
			isa = PBXGroup;
			children = (
				A4B7E75F6DB94BEDBFF9D610 /* Pods-empathy-ios.debug.xcconfig */,
				18D9DBF9EF2F98F5A9E4280D /* Pods-empathy-ios.release.xcconfig */,
				2FA77C5EE3BA98FD233DA8B5 /* Pods-empathy-iosTests.debug.xcconfig */,
				C8066D378E5BA86AFFB2257E /* Pods-empathy-iosTests.release.xcconfig */,
				BDCAE4EBA85808B6A6F58B4A /* Pods-empathy-iosUITests.debug.xcconfig */,
				F1B9ABD4F70B5C2271C58475 /* Pods-empathy-iosUITests.release.xcconfig */,
			);
			name = Pods;
			sourceTree = "<group>";
		};
/* End PBXGroup section */

/* Begin PBXNativeTarget section */
		55BC061621809A7300FE43CA /* empathy-ios */ = {
			isa = PBXNativeTarget;
			buildConfigurationList = 55BC063F21809A7400FE43CA /* Build configuration list for PBXNativeTarget "empathy-ios" */;
			buildPhases = (
				E00C58D2E71169961F82EE53 /* [CP] Check Pods Manifest.lock */,
				55BC061321809A7300FE43CA /* Sources */,
				55BC061421809A7300FE43CA /* Frameworks */,
				55BC061521809A7300FE43CA /* Resources */,
				236019B50856E95E6BA1C382 /* [CP] Embed Pods Frameworks */,
			);
			buildRules = (
			);
			dependencies = (
			);
			name = "empathy-ios";
			productName = "empathy-ios";
			productReference = 55BC061721809A7300FE43CA /* empathy-ios.app */;
			productType = "com.apple.product-type.application";
		};
		55BC062A21809A7400FE43CA /* empathy-iosTests */ = {
			isa = PBXNativeTarget;
			buildConfigurationList = 55BC064221809A7400FE43CA /* Build configuration list for PBXNativeTarget "empathy-iosTests" */;
			buildPhases = (
				C4CA6ED71E05DC30FB196A44 /* [CP] Check Pods Manifest.lock */,
				55BC062721809A7400FE43CA /* Sources */,
				55BC062821809A7400FE43CA /* Frameworks */,
				55BC062921809A7400FE43CA /* Resources */,
			);
			buildRules = (
			);
			dependencies = (
				55BC062D21809A7400FE43CA /* PBXTargetDependency */,
			);
			name = "empathy-iosTests";
			productName = "empathy-iosTests";
			productReference = 55BC062B21809A7400FE43CA /* empathy-iosTests.xctest */;
			productType = "com.apple.product-type.bundle.unit-test";
		};
		55BC063521809A7400FE43CA /* empathy-iosUITests */ = {
			isa = PBXNativeTarget;
			buildConfigurationList = 55BC064521809A7400FE43CA /* Build configuration list for PBXNativeTarget "empathy-iosUITests" */;
			buildPhases = (
				2D8C5358B6505C2542DFB5F4 /* [CP] Check Pods Manifest.lock */,
				55BC063221809A7400FE43CA /* Sources */,
				55BC063321809A7400FE43CA /* Frameworks */,
				55BC063421809A7400FE43CA /* Resources */,
			);
			buildRules = (
			);
			dependencies = (
				55BC063821809A7400FE43CA /* PBXTargetDependency */,
			);
			name = "empathy-iosUITests";
			productName = "empathy-iosUITests";
			productReference = 55BC063621809A7400FE43CA /* empathy-iosUITests.xctest */;
			productType = "com.apple.product-type.bundle.ui-testing";
		};
/* End PBXNativeTarget section */

/* Begin PBXProject section */
		55BC060F21809A7300FE43CA /* Project object */ = {
			isa = PBXProject;
			attributes = {
				LastSwiftUpdateCheck = 1000;
				LastUpgradeCheck = 1000;
				ORGANIZATIONNAME = tucan9389;
				TargetAttributes = {
					55BC061621809A7300FE43CA = {
						CreatedOnToolsVersion = 10.0;
					};
					55BC062A21809A7400FE43CA = {
						CreatedOnToolsVersion = 10.0;
						TestTargetID = 55BC061621809A7300FE43CA;
					};
					55BC063521809A7400FE43CA = {
						CreatedOnToolsVersion = 10.0;
						TestTargetID = 55BC061621809A7300FE43CA;
					};
				};
			};
			buildConfigurationList = 55BC061221809A7300FE43CA /* Build configuration list for PBXProject "empathy-ios" */;
			compatibilityVersion = "Xcode 9.3";
			developmentRegion = en;
			hasScannedForEncodings = 0;
			knownRegions = (
				en,
				Base,
			);
			mainGroup = 55BC060E21809A7300FE43CA;
			productRefGroup = 55BC061821809A7300FE43CA /* Products */;
			projectDirPath = "";
			projectRoot = "";
			targets = (
				55BC061621809A7300FE43CA /* empathy-ios */,
				55BC062A21809A7400FE43CA /* empathy-iosTests */,
				55BC063521809A7400FE43CA /* empathy-iosUITests */,
			);
		};
/* End PBXProject section */

/* Begin PBXResourcesBuildPhase section */
		55BC061521809A7300FE43CA /* Resources */ = {
			isa = PBXResourcesBuildPhase;
			buildActionMask = 2147483647;
			files = (
				55BC062521809A7400FE43CA /* LaunchScreen.storyboard in Resources */,
				55BC062221809A7400FE43CA /* Assets.xcassets in Resources */,
				55BC062021809A7300FE43CA /* Main.storyboard in Resources */,
			);
			runOnlyForDeploymentPostprocessing = 0;
		};
		55BC062921809A7400FE43CA /* Resources */ = {
			isa = PBXResourcesBuildPhase;
			buildActionMask = 2147483647;
			files = (
			);
			runOnlyForDeploymentPostprocessing = 0;
		};
		55BC063421809A7400FE43CA /* Resources */ = {
			isa = PBXResourcesBuildPhase;
			buildActionMask = 2147483647;
			files = (
			);
			runOnlyForDeploymentPostprocessing = 0;
		};
/* End PBXResourcesBuildPhase section */

/* Begin PBXShellScriptBuildPhase section */
		236019B50856E95E6BA1C382 /* [CP] Embed Pods Frameworks */ = {
			isa = PBXShellScriptBuildPhase;
			buildActionMask = 2147483647;
			files = (
			);
			inputPaths = (
				"${SRCROOT}/Pods/Target Support Files/Pods-empathy-ios/Pods-empathy-ios-frameworks.sh",
				"${BUILT_PRODUCTS_DIR}/CameraManager/CameraManager.framework",
			);
			name = "[CP] Embed Pods Frameworks";
			outputPaths = (
				"${TARGET_BUILD_DIR}/${FRAMEWORKS_FOLDER_PATH}/CameraManager.framework",
			);
			runOnlyForDeploymentPostprocessing = 0;
			shellPath = /bin/sh;
			shellScript = "\"${SRCROOT}/Pods/Target Support Files/Pods-empathy-ios/Pods-empathy-ios-frameworks.sh\"\n";
			showEnvVarsInLog = 0;
		};
		2D8C5358B6505C2542DFB5F4 /* [CP] Check Pods Manifest.lock */ = {
			isa = PBXShellScriptBuildPhase;
			buildActionMask = 2147483647;
			files = (
			);
			inputPaths = (
				"${PODS_PODFILE_DIR_PATH}/Podfile.lock",
				"${PODS_ROOT}/Manifest.lock",
			);
			name = "[CP] Check Pods Manifest.lock";
			outputPaths = (
				"$(DERIVED_FILE_DIR)/Pods-empathy-iosUITests-checkManifestLockResult.txt",
			);
			runOnlyForDeploymentPostprocessing = 0;
			shellPath = /bin/sh;
			shellScript = "diff \"${PODS_PODFILE_DIR_PATH}/Podfile.lock\" \"${PODS_ROOT}/Manifest.lock\" > /dev/null\nif [ $? != 0 ] ; then\n    # print error to STDERR\n    echo \"error: The sandbox is not in sync with the Podfile.lock. Run 'pod install' or update your CocoaPods installation.\" >&2\n    exit 1\nfi\n# This output is used by Xcode 'outputs' to avoid re-running this script phase.\necho \"SUCCESS\" > \"${SCRIPT_OUTPUT_FILE_0}\"\n";
			showEnvVarsInLog = 0;
		};
		C4CA6ED71E05DC30FB196A44 /* [CP] Check Pods Manifest.lock */ = {
			isa = PBXShellScriptBuildPhase;
			buildActionMask = 2147483647;
			files = (
			);
			inputPaths = (
				"${PODS_PODFILE_DIR_PATH}/Podfile.lock",
				"${PODS_ROOT}/Manifest.lock",
			);
			name = "[CP] Check Pods Manifest.lock";
			outputPaths = (
				"$(DERIVED_FILE_DIR)/Pods-empathy-iosTests-checkManifestLockResult.txt",
			);
			runOnlyForDeploymentPostprocessing = 0;
			shellPath = /bin/sh;
			shellScript = "diff \"${PODS_PODFILE_DIR_PATH}/Podfile.lock\" \"${PODS_ROOT}/Manifest.lock\" > /dev/null\nif [ $? != 0 ] ; then\n    # print error to STDERR\n    echo \"error: The sandbox is not in sync with the Podfile.lock. Run 'pod install' or update your CocoaPods installation.\" >&2\n    exit 1\nfi\n# This output is used by Xcode 'outputs' to avoid re-running this script phase.\necho \"SUCCESS\" > \"${SCRIPT_OUTPUT_FILE_0}\"\n";
			showEnvVarsInLog = 0;
		};
		E00C58D2E71169961F82EE53 /* [CP] Check Pods Manifest.lock */ = {
			isa = PBXShellScriptBuildPhase;
			buildActionMask = 2147483647;
			files = (
			);
			inputPaths = (
				"${PODS_PODFILE_DIR_PATH}/Podfile.lock",
				"${PODS_ROOT}/Manifest.lock",
			);
			name = "[CP] Check Pods Manifest.lock";
			outputPaths = (
				"$(DERIVED_FILE_DIR)/Pods-empathy-ios-checkManifestLockResult.txt",
			);
			runOnlyForDeploymentPostprocessing = 0;
			shellPath = /bin/sh;
			shellScript = "diff \"${PODS_PODFILE_DIR_PATH}/Podfile.lock\" \"${PODS_ROOT}/Manifest.lock\" > /dev/null\nif [ $? != 0 ] ; then\n    # print error to STDERR\n    echo \"error: The sandbox is not in sync with the Podfile.lock. Run 'pod install' or update your CocoaPods installation.\" >&2\n    exit 1\nfi\n# This output is used by Xcode 'outputs' to avoid re-running this script phase.\necho \"SUCCESS\" > \"${SCRIPT_OUTPUT_FILE_0}\"\n";
			showEnvVarsInLog = 0;
		};
/* End PBXShellScriptBuildPhase section */

/* Begin PBXSourcesBuildPhase section */
		55BC061321809A7300FE43CA /* Sources */ = {
			isa = PBXSourcesBuildPhase;
			buildActionMask = 2147483647;
			files = (
				55A331792192A0A0005DFA01 /* FilterController.swift in Sources */,
				55BC061D21809A7300FE43CA /* ViewController.swift in Sources */,
				55BC061B21809A7300FE43CA /* AppDelegate.swift in Sources */,
				55A331772191A84D005DFA01 /* FilterCollectionView.swift in Sources */,
				55A3317421900944005DFA01 /* CapturedImageViewController.swift in Sources */,
			);
			runOnlyForDeploymentPostprocessing = 0;
		};
		55BC062721809A7400FE43CA /* Sources */ = {
			isa = PBXSourcesBuildPhase;
			buildActionMask = 2147483647;
			files = (
				55BC063021809A7400FE43CA /* empathy_iosTests.swift in Sources */,
			);
			runOnlyForDeploymentPostprocessing = 0;
		};
		55BC063221809A7400FE43CA /* Sources */ = {
			isa = PBXSourcesBuildPhase;
			buildActionMask = 2147483647;
			files = (
				55BC063B21809A7400FE43CA /* empathy_iosUITests.swift in Sources */,
			);
			runOnlyForDeploymentPostprocessing = 0;
		};
/* End PBXSourcesBuildPhase section */

/* Begin PBXTargetDependency section */
		55BC062D21809A7400FE43CA /* PBXTargetDependency */ = {
			isa = PBXTargetDependency;
			target = 55BC061621809A7300FE43CA /* empathy-ios */;
			targetProxy = 55BC062C21809A7400FE43CA /* PBXContainerItemProxy */;
		};
		55BC063821809A7400FE43CA /* PBXTargetDependency */ = {
			isa = PBXTargetDependency;
			target = 55BC061621809A7300FE43CA /* empathy-ios */;
			targetProxy = 55BC063721809A7400FE43CA /* PBXContainerItemProxy */;
		};
/* End PBXTargetDependency section */

/* Begin PBXVariantGroup section */
		55BC061E21809A7300FE43CA /* Main.storyboard */ = {
			isa = PBXVariantGroup;
			children = (
				55BC061F21809A7300FE43CA /* Base */,
			);
			name = Main.storyboard;
			sourceTree = "<group>";
		};
		55BC062321809A7400FE43CA /* LaunchScreen.storyboard */ = {
			isa = PBXVariantGroup;
			children = (
				55BC062421809A7400FE43CA /* Base */,
			);
			name = LaunchScreen.storyboard;
			sourceTree = "<group>";
		};
/* End PBXVariantGroup section */

/* Begin XCBuildConfiguration section */
		55BC063D21809A7400FE43CA /* Debug */ = {
			isa = XCBuildConfiguration;
			buildSettings = {
				ALWAYS_SEARCH_USER_PATHS = NO;
				CLANG_ANALYZER_NONNULL = YES;
				CLANG_ANALYZER_NUMBER_OBJECT_CONVERSION = YES_AGGRESSIVE;
				CLANG_CXX_LANGUAGE_STANDARD = "gnu++14";
				CLANG_CXX_LIBRARY = "libc++";
				CLANG_ENABLE_MODULES = YES;
				CLANG_ENABLE_OBJC_ARC = YES;
				CLANG_ENABLE_OBJC_WEAK = YES;
				CLANG_WARN_BLOCK_CAPTURE_AUTORELEASING = YES;
				CLANG_WARN_BOOL_CONVERSION = YES;
				CLANG_WARN_COMMA = YES;
				CLANG_WARN_CONSTANT_CONVERSION = YES;
				CLANG_WARN_DEPRECATED_OBJC_IMPLEMENTATIONS = YES;
				CLANG_WARN_DIRECT_OBJC_ISA_USAGE = YES_ERROR;
				CLANG_WARN_DOCUMENTATION_COMMENTS = YES;
				CLANG_WARN_EMPTY_BODY = YES;
				CLANG_WARN_ENUM_CONVERSION = YES;
				CLANG_WARN_INFINITE_RECURSION = YES;
				CLANG_WARN_INT_CONVERSION = YES;
				CLANG_WARN_NON_LITERAL_NULL_CONVERSION = YES;
				CLANG_WARN_OBJC_IMPLICIT_RETAIN_SELF = YES;
				CLANG_WARN_OBJC_LITERAL_CONVERSION = YES;
				CLANG_WARN_OBJC_ROOT_CLASS = YES_ERROR;
				CLANG_WARN_RANGE_LOOP_ANALYSIS = YES;
				CLANG_WARN_STRICT_PROTOTYPES = YES;
				CLANG_WARN_SUSPICIOUS_MOVE = YES;
				CLANG_WARN_UNGUARDED_AVAILABILITY = YES_AGGRESSIVE;
				CLANG_WARN_UNREACHABLE_CODE = YES;
				CLANG_WARN__DUPLICATE_METHOD_MATCH = YES;
				CODE_SIGN_IDENTITY = "iPhone Developer";
				COPY_PHASE_STRIP = NO;
				DEBUG_INFORMATION_FORMAT = dwarf;
				ENABLE_STRICT_OBJC_MSGSEND = YES;
				ENABLE_TESTABILITY = YES;
				GCC_C_LANGUAGE_STANDARD = gnu11;
				GCC_DYNAMIC_NO_PIC = NO;
				GCC_NO_COMMON_BLOCKS = YES;
				GCC_OPTIMIZATION_LEVEL = 0;
				GCC_PREPROCESSOR_DEFINITIONS = (
					"DEBUG=1",
					"$(inherited)",
				);
				GCC_WARN_64_TO_32_BIT_CONVERSION = YES;
				GCC_WARN_ABOUT_RETURN_TYPE = YES_ERROR;
				GCC_WARN_UNDECLARED_SELECTOR = YES;
				GCC_WARN_UNINITIALIZED_AUTOS = YES_AGGRESSIVE;
				GCC_WARN_UNUSED_FUNCTION = YES;
				GCC_WARN_UNUSED_VARIABLE = YES;
				IPHONEOS_DEPLOYMENT_TARGET = 12.0;
				MTL_ENABLE_DEBUG_INFO = INCLUDE_SOURCE;
				MTL_FAST_MATH = YES;
				ONLY_ACTIVE_ARCH = YES;
				SDKROOT = iphoneos;
				SWIFT_ACTIVE_COMPILATION_CONDITIONS = DEBUG;
				SWIFT_OPTIMIZATION_LEVEL = "-Onone";
			};
			name = Debug;
		};
		55BC063E21809A7400FE43CA /* Release */ = {
			isa = XCBuildConfiguration;
			buildSettings = {
				ALWAYS_SEARCH_USER_PATHS = NO;
				CLANG_ANALYZER_NONNULL = YES;
				CLANG_ANALYZER_NUMBER_OBJECT_CONVERSION = YES_AGGRESSIVE;
				CLANG_CXX_LANGUAGE_STANDARD = "gnu++14";
				CLANG_CXX_LIBRARY = "libc++";
				CLANG_ENABLE_MODULES = YES;
				CLANG_ENABLE_OBJC_ARC = YES;
				CLANG_ENABLE_OBJC_WEAK = YES;
				CLANG_WARN_BLOCK_CAPTURE_AUTORELEASING = YES;
				CLANG_WARN_BOOL_CONVERSION = YES;
				CLANG_WARN_COMMA = YES;
				CLANG_WARN_CONSTANT_CONVERSION = YES;
				CLANG_WARN_DEPRECATED_OBJC_IMPLEMENTATIONS = YES;
				CLANG_WARN_DIRECT_OBJC_ISA_USAGE = YES_ERROR;
				CLANG_WARN_DOCUMENTATION_COMMENTS = YES;
				CLANG_WARN_EMPTY_BODY = YES;
				CLANG_WARN_ENUM_CONVERSION = YES;
				CLANG_WARN_INFINITE_RECURSION = YES;
				CLANG_WARN_INT_CONVERSION = YES;
				CLANG_WARN_NON_LITERAL_NULL_CONVERSION = YES;
				CLANG_WARN_OBJC_IMPLICIT_RETAIN_SELF = YES;
				CLANG_WARN_OBJC_LITERAL_CONVERSION = YES;
				CLANG_WARN_OBJC_ROOT_CLASS = YES_ERROR;
				CLANG_WARN_RANGE_LOOP_ANALYSIS = YES;
				CLANG_WARN_STRICT_PROTOTYPES = YES;
				CLANG_WARN_SUSPICIOUS_MOVE = YES;
				CLANG_WARN_UNGUARDED_AVAILABILITY = YES_AGGRESSIVE;
				CLANG_WARN_UNREACHABLE_CODE = YES;
				CLANG_WARN__DUPLICATE_METHOD_MATCH = YES;
				CODE_SIGN_IDENTITY = "iPhone Developer";
				COPY_PHASE_STRIP = NO;
				DEBUG_INFORMATION_FORMAT = "dwarf-with-dsym";
				ENABLE_NS_ASSERTIONS = NO;
				ENABLE_STRICT_OBJC_MSGSEND = YES;
				GCC_C_LANGUAGE_STANDARD = gnu11;
				GCC_NO_COMMON_BLOCKS = YES;
				GCC_WARN_64_TO_32_BIT_CONVERSION = YES;
				GCC_WARN_ABOUT_RETURN_TYPE = YES_ERROR;
				GCC_WARN_UNDECLARED_SELECTOR = YES;
				GCC_WARN_UNINITIALIZED_AUTOS = YES_AGGRESSIVE;
				GCC_WARN_UNUSED_FUNCTION = YES;
				GCC_WARN_UNUSED_VARIABLE = YES;
				IPHONEOS_DEPLOYMENT_TARGET = 12.0;
				MTL_ENABLE_DEBUG_INFO = NO;
				MTL_FAST_MATH = YES;
				SDKROOT = iphoneos;
				SWIFT_COMPILATION_MODE = wholemodule;
				SWIFT_OPTIMIZATION_LEVEL = "-O";
				VALIDATE_PRODUCT = YES;
			};
			name = Release;
		};
		55BC064021809A7400FE43CA /* Debug */ = {
			isa = XCBuildConfiguration;
			baseConfigurationReference = A4B7E75F6DB94BEDBFF9D610 /* Pods-empathy-ios.debug.xcconfig */;
			buildSettings = {
				ASSETCATALOG_COMPILER_APPICON_NAME = AppIcon;
				CODE_SIGN_STYLE = Automatic;
				DEVELOPMENT_TEAM = 5WXJ4Z4H69;
				INFOPLIST_FILE = "empathy-ios/Info.plist";
				LD_RUNPATH_SEARCH_PATHS = (
					"$(inherited)",
					"@executable_path/Frameworks",
				);
				PRODUCT_BUNDLE_IDENTIFIER = com.mgeeks.empathy;
				PRODUCT_NAME = "$(TARGET_NAME)";
				SWIFT_VERSION = 4.2;
				TARGETED_DEVICE_FAMILY = "1,2";
			};
			name = Debug;
		};
		55BC064121809A7400FE43CA /* Release */ = {
			isa = XCBuildConfiguration;
			baseConfigurationReference = 18D9DBF9EF2F98F5A9E4280D /* Pods-empathy-ios.release.xcconfig */;
			buildSettings = {
				ASSETCATALOG_COMPILER_APPICON_NAME = AppIcon;
				CODE_SIGN_STYLE = Automatic;
				DEVELOPMENT_TEAM = 5WXJ4Z4H69;
				INFOPLIST_FILE = "empathy-ios/Info.plist";
				LD_RUNPATH_SEARCH_PATHS = (
					"$(inherited)",
					"@executable_path/Frameworks",
				);
				PRODUCT_BUNDLE_IDENTIFIER = com.mgeeks.empathy;
				PRODUCT_NAME = "$(TARGET_NAME)";
				SWIFT_VERSION = 4.2;
				TARGETED_DEVICE_FAMILY = "1,2";
			};
			name = Release;
		};
		55BC064321809A7400FE43CA /* Debug */ = {
			isa = XCBuildConfiguration;
			baseConfigurationReference = 2FA77C5EE3BA98FD233DA8B5 /* Pods-empathy-iosTests.debug.xcconfig */;
			buildSettings = {
				ALWAYS_EMBED_SWIFT_STANDARD_LIBRARIES = YES;
				BUNDLE_LOADER = "$(TEST_HOST)";
				CODE_SIGN_STYLE = Automatic;
				DEVELOPMENT_TEAM = 5WXJ4Z4H69;
				INFOPLIST_FILE = "empathy-iosTests/Info.plist";
				LD_RUNPATH_SEARCH_PATHS = (
					"$(inherited)",
					"@executable_path/Frameworks",
					"@loader_path/Frameworks",
				);
				PRODUCT_BUNDLE_IDENTIFIER = "com.tucan9389.empathy-iosTests";
				PRODUCT_NAME = "$(TARGET_NAME)";
				SWIFT_VERSION = 4.2;
				TARGETED_DEVICE_FAMILY = "1,2";
				TEST_HOST = "$(BUILT_PRODUCTS_DIR)/empathy-ios.app/empathy-ios";
			};
			name = Debug;
		};
		55BC064421809A7400FE43CA /* Release */ = {
			isa = XCBuildConfiguration;
			baseConfigurationReference = C8066D378E5BA86AFFB2257E /* Pods-empathy-iosTests.release.xcconfig */;
			buildSettings = {
				ALWAYS_EMBED_SWIFT_STANDARD_LIBRARIES = YES;
				BUNDLE_LOADER = "$(TEST_HOST)";
				CODE_SIGN_STYLE = Automatic;
				DEVELOPMENT_TEAM = 5WXJ4Z4H69;
				INFOPLIST_FILE = "empathy-iosTests/Info.plist";
				LD_RUNPATH_SEARCH_PATHS = (
					"$(inherited)",
					"@executable_path/Frameworks",
					"@loader_path/Frameworks",
				);
				PRODUCT_BUNDLE_IDENTIFIER = "com.tucan9389.empathy-iosTests";
				PRODUCT_NAME = "$(TARGET_NAME)";
				SWIFT_VERSION = 4.2;
				TARGETED_DEVICE_FAMILY = "1,2";
				TEST_HOST = "$(BUILT_PRODUCTS_DIR)/empathy-ios.app/empathy-ios";
			};
			name = Release;
		};
		55BC064621809A7400FE43CA /* Debug */ = {
			isa = XCBuildConfiguration;
			baseConfigurationReference = BDCAE4EBA85808B6A6F58B4A /* Pods-empathy-iosUITests.debug.xcconfig */;
			buildSettings = {
				ALWAYS_EMBED_SWIFT_STANDARD_LIBRARIES = YES;
				CODE_SIGN_STYLE = Automatic;
				DEVELOPMENT_TEAM = 5WXJ4Z4H69;
				INFOPLIST_FILE = "empathy-iosUITests/Info.plist";
				LD_RUNPATH_SEARCH_PATHS = (
					"$(inherited)",
					"@executable_path/Frameworks",
					"@loader_path/Frameworks",
				);
				PRODUCT_BUNDLE_IDENTIFIER = "com.tucan9389.empathy-iosUITests";
				PRODUCT_NAME = "$(TARGET_NAME)";
				SWIFT_VERSION = 4.2;
				TARGETED_DEVICE_FAMILY = "1,2";
				TEST_TARGET_NAME = "empathy-ios";
			};
			name = Debug;
		};
		55BC064721809A7400FE43CA /* Release */ = {
			isa = XCBuildConfiguration;
			baseConfigurationReference = F1B9ABD4F70B5C2271C58475 /* Pods-empathy-iosUITests.release.xcconfig */;
			buildSettings = {
				ALWAYS_EMBED_SWIFT_STANDARD_LIBRARIES = YES;
				CODE_SIGN_STYLE = Automatic;
				DEVELOPMENT_TEAM = 5WXJ4Z4H69;
				INFOPLIST_FILE = "empathy-iosUITests/Info.plist";
				LD_RUNPATH_SEARCH_PATHS = (
					"$(inherited)",
					"@executable_path/Frameworks",
					"@loader_path/Frameworks",
				);
				PRODUCT_BUNDLE_IDENTIFIER = "com.tucan9389.empathy-iosUITests";
				PRODUCT_NAME = "$(TARGET_NAME)";
				SWIFT_VERSION = 4.2;
				TARGETED_DEVICE_FAMILY = "1,2";
				TEST_TARGET_NAME = "empathy-ios";
			};
			name = Release;
		};
/* End XCBuildConfiguration section */

/* Begin XCConfigurationList section */
		55BC061221809A7300FE43CA /* Build configuration list for PBXProject "empathy-ios" */ = {
			isa = XCConfigurationList;
			buildConfigurations = (
				55BC063D21809A7400FE43CA /* Debug */,
				55BC063E21809A7400FE43CA /* Release */,
			);
			defaultConfigurationIsVisible = 0;
			defaultConfigurationName = Release;
		};
		55BC063F21809A7400FE43CA /* Build configuration list for PBXNativeTarget "empathy-ios" */ = {
			isa = XCConfigurationList;
			buildConfigurations = (
				55BC064021809A7400FE43CA /* Debug */,
				55BC064121809A7400FE43CA /* Release */,
			);
			defaultConfigurationIsVisible = 0;
			defaultConfigurationName = Release;
		};
		55BC064221809A7400FE43CA /* Build configuration list for PBXNativeTarget "empathy-iosTests" */ = {
			isa = XCConfigurationList;
			buildConfigurations = (
				55BC064321809A7400FE43CA /* Debug */,
				55BC064421809A7400FE43CA /* Release */,
			);
			defaultConfigurationIsVisible = 0;
			defaultConfigurationName = Release;
		};
		55BC064521809A7400FE43CA /* Build configuration list for PBXNativeTarget "empathy-iosUITests" */ = {
			isa = XCConfigurationList;
			buildConfigurations = (
				55BC064621809A7400FE43CA /* Debug */,
				55BC064721809A7400FE43CA /* Release */,
			);
			defaultConfigurationIsVisible = 0;
			defaultConfigurationName = Release;
		};
/* End XCConfigurationList section */
	};
	rootObject = 55BC060F21809A7300FE43CA /* Project object */;
}
